
Microsoft Visual Studio Solution File, Format Version 12.00
# Visual Studio Version 17
VisualStudioVersion = 17.3.32811.315
MinimumVisualStudioVersion = 10.0.40219.1
Project("{FAE04EC0-301F-11D3-BF4B-00C04F79EFBC}") = "01", "01\01.csproj", "{6F8304DA-AAE4-400A-9875-9994050CF7A7}"
EndProject
Project("{FAE04EC0-301F-11D3-BF4B-00C04F79EFBC}") = "02", "02\02.csproj", "{D8682A0A-CD7D-447A-A5CE-199E3B518761}"
EndProject
Project("{FAE04EC0-301F-11D3-BF4B-00C04F79EFBC}") = "03", "03\03.csproj", "{227AFAD6-8594-49B8-916F-45E66E860C4A}"
EndProject
Global
	GlobalSection(SolutionConfigurationPlatforms) = preSolution
		Debug|Any CPU = Debug|Any CPU
		Release|Any CPU = Release|Any CPU
	EndGlobalSection
	GlobalSection(ProjectConfigurationPlatforms) = postSolution
		{6F8304DA-AAE4-400A-9875-9994050CF7A7}.Debug|Any CPU.ActiveCfg = Debug|Any CPU
		{6F8304DA-AAE4-400A-9875-9994050CF7A7}.Debug|Any CPU.Build.0 = Debug|Any CPU
		{6F8304DA-AAE4-400A-9875-9994050CF7A7}.Release|Any CPU.ActiveCfg = Release|Any CPU
		{6F8304DA-AAE4-400A-9875-9994050CF7A7}.Release|Any CPU.Build.0 = Release|Any CPU
		{D8682A0A-CD7D-447A-A5CE-199E3B518761}.Debug|Any CPU.ActiveCfg = Debug|Any CPU
		{D8682A0A-CD7D-447A-A5CE-199E3B518761}.Debug|Any CPU.Build.0 = Debug|Any CPU
		{D8682A0A-CD7D-447A-A5CE-199E3B518761}.Release|Any CPU.ActiveCfg = Release|Any CPU
		{D8682A0A-CD7D-447A-A5CE-199E3B518761}.Release|Any CPU.Build.0 = Release|Any CPU
		{227AFAD6-8594-49B8-916F-45E66E860C4A}.Debug|Any CPU.ActiveCfg = Debug|Any CPU
		{227AFAD6-8594-49B8-916F-45E66E860C4A}.Debug|Any CPU.Build.0 = Debug|Any CPU
		{227AFAD6-8594-49B8-916F-45E66E860C4A}.Release|Any CPU.ActiveCfg = Release|Any CPU
		{227AFAD6-8594-49B8-916F-45E66E860C4A}.Release|Any CPU.Build.0 = Release|Any CPU
	EndGlobalSection
	GlobalSection(SolutionProperties) = preSolution
		HideSolutionNode = FALSE
	EndGlobalSection
	GlobalSection(ExtensibilityGlobals) = postSolution
		SolutionGuid = {54C0DB54-4648-4C5A-96DC-77F20CA10B76}
	EndGlobalSection
EndGlobal
